
Microsoft Visual Studio Solution File, Format Version 12.00
# Visual Studio 15
VisualStudioVersion = 15.0.28010.2041
MinimumVisualStudioVersion = 10.0.40219.1
Project("{FAE04EC0-301F-11D3-BF4B-00C04F79EFBC}") = "LogAnalyzer", "LogAnalyzer\LogAnalyzer.csproj", "{90EC897D-CF78-494F-A3A7-B8ED5C86153E}"
EndProject
Global
	GlobalSection(SolutionConfigurationPlatforms) = preSolution
		Debug|Any CPU = Debug|Any CPU
		Release|Any CPU = Release|Any CPU
	EndGlobalSection
	GlobalSection(ProjectConfigurationPlatforms) = postSolution
		{90EC897D-CF78-494F-A3A7-B8ED5C86153E}.Debug|Any CPU.ActiveCfg = Debug|Any CPU
		{90EC897D-CF78-494F-A3A7-B8ED5C86153E}.Debug|Any CPU.Build.0 = Debug|Any CPU
		{90EC897D-CF78-494F-A3A7-B8ED5C86153E}.Release|Any CPU.ActiveCfg = Release|Any CPU
		{90EC897D-CF78-494F-A3A7-B8ED5C86153E}.Release|Any CPU.Build.0 = Release|Any CPU
	EndGlobalSection
	GlobalSection(SolutionProperties) = preSolution
		HideSolutionNode = FALSE
	EndGlobalSection
	GlobalSection(ExtensibilityGlobals) = postSolution
		SolutionGuid = {07439D14-4666-48B5-BD80-9B85B2368462}
	EndGlobalSection
EndGlobal
