
Microsoft Visual Studio Solution File, Format Version 12.00
# Visual Studio 15
VisualStudioVersion = 15.0.28010.2041
MinimumVisualStudioVersion = 10.0.40219.1
Project("{FAE04EC0-301F-11D3-BF4B-00C04F79EFBC}") = "PerfClient", "PerfClient\PerfClient.csproj", "{E3EE313E-03EC-4750-A81F-A330F76ECBEA}"
EndProject
Global
	GlobalSection(SolutionConfigurationPlatforms) = preSolution
		Debug|Any CPU = Debug|Any CPU
		Release|Any CPU = Release|Any CPU
	EndGlobalSection
	GlobalSection(ProjectConfigurationPlatforms) = postSolution
		{E3EE313E-03EC-4750-A81F-A330F76ECBEA}.Debug|Any CPU.ActiveCfg = Debug|Any CPU
		{E3EE313E-03EC-4750-A81F-A330F76ECBEA}.Debug|Any CPU.Build.0 = Debug|Any CPU
		{E3EE313E-03EC-4750-A81F-A330F76ECBEA}.Release|Any CPU.ActiveCfg = Release|Any CPU
		{E3EE313E-03EC-4750-A81F-A330F76ECBEA}.Release|Any CPU.Build.0 = Release|Any CPU
	EndGlobalSection
	GlobalSection(SolutionProperties) = preSolution
		HideSolutionNode = FALSE
	EndGlobalSection
	GlobalSection(ExtensibilityGlobals) = postSolution
		SolutionGuid = {82B64C39-0435-465B-9119-991339734564}
	EndGlobalSection
EndGlobal
