
Microsoft Visual Studio Solution File, Format Version 12.00
# Visual Studio 15
VisualStudioVersion = 15.0.27428.2015
MinimumVisualStudioVersion = 10.0.40219.1
Project("{6EC3EE1D-3C4E-46DD-8F32-0CC8E7565705}") = "Basic.Suave.Web.Api", "Basic.Suave.Web.Api\Basic.Suave.Web.Api.fsproj", "{5179AB6C-FAF9-41FD-8F2A-CA1F3CC00AC5}"
EndProject
Project("{F2A71F9B-5D33-465A-A702-920D77279786}") = "Basic.Giraffe.Web.Api", "Basic.Giraffe.Web.Api\Basic.Giraffe.Web.Api.fsproj", "{38A58367-6C6D-4A49-9292-A33D8500A149}"
EndProject
Project("{6EC3EE1D-3C4E-46DD-8F32-0CC8E7565705}") = "Basic.Web.Api", "Basic.Web.Api\Basic.Web.Api.fsproj", "{8A1E6A02-3ACF-4445-A8A9-6B7E0A5C4698}"
EndProject
Project("{6EC3EE1D-3C4E-46DD-8F32-0CC8E7565705}") = "Basic.Web.Api.Dtos", "Basic.Web.Api.Dtos\Basic.Web.Api.Dtos.fsproj", "{40F66081-67C2-4037-B754-CC005AAF3617}"
EndProject
Global
	GlobalSection(SolutionConfigurationPlatforms) = preSolution
		Debug|Any CPU = Debug|Any CPU
		Release|Any CPU = Release|Any CPU
	EndGlobalSection
	GlobalSection(ProjectConfigurationPlatforms) = postSolution
		{5179AB6C-FAF9-41FD-8F2A-CA1F3CC00AC5}.Debug|Any CPU.ActiveCfg = Debug|Any CPU
		{5179AB6C-FAF9-41FD-8F2A-CA1F3CC00AC5}.Debug|Any CPU.Build.0 = Debug|Any CPU
		{5179AB6C-FAF9-41FD-8F2A-CA1F3CC00AC5}.Release|Any CPU.ActiveCfg = Release|Any CPU
		{5179AB6C-FAF9-41FD-8F2A-CA1F3CC00AC5}.Release|Any CPU.Build.0 = Release|Any CPU
		{38A58367-6C6D-4A49-9292-A33D8500A149}.Debug|Any CPU.ActiveCfg = Debug|Any CPU
		{38A58367-6C6D-4A49-9292-A33D8500A149}.Debug|Any CPU.Build.0 = Debug|Any CPU
		{38A58367-6C6D-4A49-9292-A33D8500A149}.Release|Any CPU.ActiveCfg = Release|Any CPU
		{38A58367-6C6D-4A49-9292-A33D8500A149}.Release|Any CPU.Build.0 = Release|Any CPU
		{8A1E6A02-3ACF-4445-A8A9-6B7E0A5C4698}.Debug|Any CPU.ActiveCfg = Debug|Any CPU
		{8A1E6A02-3ACF-4445-A8A9-6B7E0A5C4698}.Debug|Any CPU.Build.0 = Debug|Any CPU
		{8A1E6A02-3ACF-4445-A8A9-6B7E0A5C4698}.Release|Any CPU.ActiveCfg = Release|Any CPU
		{8A1E6A02-3ACF-4445-A8A9-6B7E0A5C4698}.Release|Any CPU.Build.0 = Release|Any CPU
		{40F66081-67C2-4037-B754-CC005AAF3617}.Debug|Any CPU.ActiveCfg = Debug|Any CPU
		{40F66081-67C2-4037-B754-CC005AAF3617}.Debug|Any CPU.Build.0 = Debug|Any CPU
		{40F66081-67C2-4037-B754-CC005AAF3617}.Release|Any CPU.ActiveCfg = Release|Any CPU
		{40F66081-67C2-4037-B754-CC005AAF3617}.Release|Any CPU.Build.0 = Release|Any CPU
	EndGlobalSection
	GlobalSection(SolutionProperties) = preSolution
		HideSolutionNode = FALSE
	EndGlobalSection
	GlobalSection(ExtensibilityGlobals) = postSolution
		SolutionGuid = {D262B426-7986-49FF-9025-C3CEB494FBFE}
	EndGlobalSection
EndGlobal
